Microsoft Visual Studio Solution File, Format Version 12.00
# Visual Studio Version 17
VisualStudioVersion = 17.13.35919.96
MinimumVisualStudioVersion = 10.0.40219.1
Project("{FAE04EC0-301F-11D3-BF4B-00C04F79EFBC}") = "OllamaManager", "OllamaManager.csproj", "{559264FF-6FA0-4918-9B3F-38DE8F96D2DA}"
EndProject
Global
	GlobalSection(SolutionConfigurationPlatforms) = preSolution
		Debug|Any CPU = Debug|Any CPU
		Release|Any CPU = Release|Any CPU
	EndGlobalSection
	GlobalSection(ProjectConfigurationPlatforms) = postSolution
		{559264FF-6FA0-4918-9B3F-38DE8F96D2DA}.Debug|Any CPU.ActiveCfg = Debug|Any CPU
		{559264FF-6FA0-4918-9B3F-38DE8F96D2DA}.Debug|Any CPU.Build.0 = Debug|Any CPU
		{559264FF-6FA0-4918-9B3F-38DE8F96D2DA}.Release|Any CPU.ActiveCfg = Release|Any CPU
		{559264FF-6FA0-4918-9B3F-38DE8F96D2DA}.Release|Any CPU.Build.0 = Release|Any CPU
	EndGlobalSection
	GlobalSection(SolutionProperties) = preSolution
		HideSolutionNode = FALSE
	EndGlobalSection
	GlobalSection(ExtensibilityGlobals) = postSolution
		SolutionGuid = {43533642-7220-467E-AEF7-F3F5BEF8993F}
	EndGlobalSection
EndGlobal
